// !$*UTF8*$!
{
	archiveVersion = 1;
	classes = {
	};
	objectVersion = 56;
	objects = {

/* Begin PBXBuildFile section */
		AB36D0BC2A0FAC1200CE9DFC /* CustomCellViewModel.swift in Sources */ = {isa = PBXBuildFile; fileRef = AB36D0BB2A0FAC1200CE9DFC /* CustomCellViewModel.swift */; };
		AB87BECE2A23CFDA00BFC215 /* FirebaseAuth in Frameworks */ = {isa = PBXBuildFile; productRef = AB87BECD2A23CFDA00BFC215 /* FirebaseAuth */; };
		AB87BED02A23D38500BFC215 /* GoogleService-Info.plist in Resources */ = {isa = PBXBuildFile; fileRef = AB87BECF2A23D38500BFC215 /* GoogleService-Info.plist */; };
		AB87BED22A23DEF900BFC215 /* UIViewController+ext.swift in Sources */ = {isa = PBXBuildFile; fileRef = AB87BED12A23DEF900BFC215 /* UIViewController+ext.swift */; };
		AB87BED52A23F64600BFC215 /* AuthService.swift in Sources */ = {isa = PBXBuildFile; fileRef = AB87BED42A23F64600BFC215 /* AuthService.swift */; };
		AB8E2C6E2A197278005CEA97 /* Helpers.swift in Sources */ = {isa = PBXBuildFile; fileRef = AB8E2C6D2A197278005CEA97 /* Helpers.swift */; };
		AB9DE3392A0C33310069B30E /* AppDelegate.swift in Sources */ = {isa = PBXBuildFile; fileRef = AB9DE3382A0C33310069B30E /* AppDelegate.swift */; };
		AB9DE33B2A0C33310069B30E /* SceneDelegate.swift in Sources */ = {isa = PBXBuildFile; fileRef = AB9DE33A2A0C33310069B30E /* SceneDelegate.swift */; };
		AB9DE33D2A0C33310069B30E /* ViewController.swift in Sources */ = {isa = PBXBuildFile; fileRef = AB9DE33C2A0C33310069B30E /* ViewController.swift */; };
		AB9DE3422A0C33320069B30E /* Assets.xcassets in Resources */ = {isa = PBXBuildFile; fileRef = AB9DE3412A0C33320069B30E /* Assets.xcassets */; };
		AB9DE3452A0C33320069B30E /* LaunchScreen.storyboard in Resources */ = {isa = PBXBuildFile; fileRef = AB9DE3432A0C33320069B30E /* LaunchScreen.storyboard */; };
		AB9DE34E2A0C33670069B30E /* UIView+ext.swift in Sources */ = {isa = PBXBuildFile; fileRef = AB9DE34D2A0C33670069B30E /* UIView+ext.swift */; };
		AB9DE3512A0C339B0069B30E /* Bindable.swift in Sources */ = {isa = PBXBuildFile; fileRef = AB9DE3502A0C339B0069B30E /* Bindable.swift */; };
		AB9DE3532A0C33AB0069B30E /* temps.swift in Sources */ = {isa = PBXBuildFile; fileRef = AB9DE3522A0C33AB0069B30E /* temps.swift */; };
		AB9DE3562A0C33CA0069B30E /* User.swift in Sources */ = {isa = PBXBuildFile; fileRef = AB9DE3552A0C33CA0069B30E /* User.swift */; };
		AB9DE35B2A0C340E0069B30E /* LoginViewContracts.swift in Sources */ = {isa = PBXBuildFile; fileRef = AB9DE35A2A0C340E0069B30E /* LoginViewContracts.swift */; };
		AB9DE35D2A0C34290069B30E /* RegisterViewContracts.swift in Sources */ = {isa = PBXBuildFile; fileRef = AB9DE35C2A0C34290069B30E /* RegisterViewContracts.swift */; };
		AB9DE35F2A0C35120069B30E /* HomeViewContracts.swift in Sources */ = {isa = PBXBuildFile; fileRef = AB9DE35E2A0C35120069B30E /* HomeViewContracts.swift */; };
		AB9DE3622A0C35420069B30E /* HomeViewController.swift in Sources */ = {isa = PBXBuildFile; fileRef = AB9DE3612A0C35420069B30E /* HomeViewController.swift */; };
		AB9DE3642A0C35640069B30E /* LoginViewController.swift in Sources */ = {isa = PBXBuildFile; fileRef = AB9DE3632A0C35640069B30E /* LoginViewController.swift */; };
		AB9DE3662A0C35910069B30E /* RegisterViewController.swift in Sources */ = {isa = PBXBuildFile; fileRef = AB9DE3652A0C35910069B30E /* RegisterViewController.swift */; };
		AB9DE36A2A0C35CD0069B30E /* CustomTextField.swift in Sources */ = {isa = PBXBuildFile; fileRef = AB9DE3692A0C35CD0069B30E /* CustomTextField.swift */; };
		AB9DE36C2A0C35F30069B30E /* CustomCell.swift in Sources */ = {isa = PBXBuildFile; fileRef = AB9DE36B2A0C35F30069B30E /* CustomCell.swift */; };
		AB9DE36F2A0C361A0069B30E /* HomeViewModel.swift in Sources */ = {isa = PBXBuildFile; fileRef = AB9DE36E2A0C361A0069B30E /* HomeViewModel.swift */; };
		AB9DE3712A0C36320069B30E /* LoginViewModel.swift in Sources */ = {isa = PBXBuildFile; fileRef = AB9DE3702A0C36320069B30E /* LoginViewModel.swift */; };
		AB9DE3732A0C36440069B30E /* RegisterViewModel.swift in Sources */ = {isa = PBXBuildFile; fileRef = AB9DE3722A0C36440069B30E /* RegisterViewModel.swift */; };
		AB9DE3762A0C366A0069B30E /* Builders.swift in Sources */ = {isa = PBXBuildFile; fileRef = AB9DE3752A0C366A0069B30E /* Builders.swift */; };
		ABA1F1D52A143027006676A1 /* CustomCellViewContracts.swift in Sources */ = {isa = PBXBuildFile; fileRef = ABA1F1D42A143027006676A1 /* CustomCellViewContracts.swift */; };
		ABA1F1D72A1432E9006676A1 /* Product.swift in Sources */ = {isa = PBXBuildFile; fileRef = ABA1F1D62A1432E9006676A1 /* Product.swift */; };
		ABB467C02A1D4E57007EB44B /* ProgressHUD in Frameworks */ = {isa = PBXBuildFile; productRef = ABB467BF2A1D4E57007EB44B /* ProgressHUD */; };
/* End PBXBuildFile section */

/* Begin PBXFileReference section */
		AB36D0BB2A0FAC1200CE9DFC /* CustomCellViewModel.swift */ = {isa = PBXFileReference; lastKnownFileType = sourcecode.swift; path = CustomCellViewModel.swift; sourceTree = "<group>"; };
		AB87BECF2A23D38500BFC215 /* GoogleService-Info.plist */ = {isa = PBXFileReference; fileEncoding = 4; lastKnownFileType = text.plist.xml; path = "GoogleService-Info.plist"; sourceTree = "<group>"; };
		AB87BED12A23DEF900BFC215 /* UIViewController+ext.swift */ = {isa = PBXFileReference; lastKnownFileType = sourcecode.swift; path = "UIViewController+ext.swift"; sourceTree = "<group>"; };
		AB87BED42A23F64600BFC215 /* AuthService.swift */ = {isa = PBXFileReference; lastKnownFileType = sourcecode.swift; path = AuthService.swift; sourceTree = "<group>"; };
		AB8E2C6D2A197278005CEA97 /* Helpers.swift */ = {isa = PBXFileReference; lastKnownFileType = sourcecode.swift; path = Helpers.swift; sourceTree = "<group>"; };
		AB9DE3352A0C33310069B30E /* Cellar.app */ = {isa = PBXFileReference; explicitFileType = wrapper.application; includeInIndex = 0; path = Cellar.app; sourceTree = BUILT_PRODUCTS_DIR; };
		AB9DE3382A0C33310069B30E /* AppDelegate.swift */ = {isa = PBXFileReference; lastKnownFileType = sourcecode.swift; path = AppDelegate.swift; sourceTree = "<group>"; };
		AB9DE33A2A0C33310069B30E /* SceneDelegate.swift */ = {isa = PBXFileReference; lastKnownFileType = sourcecode.swift; path = SceneDelegate.swift; sourceTree = "<group>"; };
		AB9DE33C2A0C33310069B30E /* ViewController.swift */ = {isa = PBXFileReference; lastKnownFileType = sourcecode.swift; path = ViewController.swift; sourceTree = "<group>"; };
		AB9DE3412A0C33320069B30E /* Assets.xcassets */ = {isa = PBXFileReference; lastKnownFileType = folder.assetcatalog; path = Assets.xcassets; sourceTree = "<group>"; };
		AB9DE3442A0C33320069B30E /* Base */ = {isa = PBXFileReference; lastKnownFileType = file.storyboard; name = Base; path = Base.lproj/LaunchScreen.storyboard; sourceTree = "<group>"; };
		AB9DE3462A0C33320069B30E /* Info.plist */ = {isa = PBXFileReference; lastKnownFileType = text.plist.xml; path = Info.plist; sourceTree = "<group>"; };
		AB9DE34D2A0C33670069B30E /* UIView+ext.swift */ = {isa = PBXFileReference; lastKnownFileType = sourcecode.swift; path = "UIView+ext.swift"; sourceTree = "<group>"; };
		AB9DE3502A0C339B0069B30E /* Bindable.swift */ = {isa = PBXFileReference; lastKnownFileType = sourcecode.swift; path = Bindable.swift; sourceTree = "<group>"; };
		AB9DE3522A0C33AB0069B30E /* temps.swift */ = {isa = PBXFileReference; lastKnownFileType = sourcecode.swift; path = temps.swift; sourceTree = "<group>"; };
		AB9DE3552A0C33CA0069B30E /* User.swift */ = {isa = PBXFileReference; lastKnownFileType = sourcecode.swift; path = User.swift; sourceTree = "<group>"; };
		AB9DE35A2A0C340E0069B30E /* LoginViewContracts.swift */ = {isa = PBXFileReference; lastKnownFileType = sourcecode.swift; path = LoginViewContracts.swift; sourceTree = "<group>"; };
		AB9DE35C2A0C34290069B30E /* RegisterViewContracts.swift */ = {isa = PBXFileReference; lastKnownFileType = sourcecode.swift; path = RegisterViewContracts.swift; sourceTree = "<group>"; };
		AB9DE35E2A0C35120069B30E /* HomeViewContracts.swift */ = {isa = PBXFileReference; lastKnownFileType = sourcecode.swift; path = HomeViewContracts.swift; sourceTree = "<group>"; };
		AB9DE3612A0C35420069B30E /* HomeViewController.swift */ = {isa = PBXFileReference; lastKnownFileType = sourcecode.swift; path = HomeViewController.swift; sourceTree = "<group>"; };
		AB9DE3632A0C35640069B30E /* LoginViewController.swift */ = {isa = PBXFileReference; lastKnownFileType = sourcecode.swift; path = LoginViewController.swift; sourceTree = "<group>"; };
		AB9DE3652A0C35910069B30E /* RegisterViewController.swift */ = {isa = PBXFileReference; lastKnownFileType = sourcecode.swift; path = RegisterViewController.swift; sourceTree = "<group>"; };
		AB9DE3692A0C35CD0069B30E /* CustomTextField.swift */ = {isa = PBXFileReference; lastKnownFileType = sourcecode.swift; path = CustomTextField.swift; sourceTree = "<group>"; };
		AB9DE36B2A0C35F30069B30E /* CustomCell.swift */ = {isa = PBXFileReference; lastKnownFileType = sourcecode.swift; path = CustomCell.swift; sourceTree = "<group>"; };
		AB9DE36E2A0C361A0069B30E /* HomeViewModel.swift */ = {isa = PBXFileReference; lastKnownFileType = sourcecode.swift; path = HomeViewModel.swift; sourceTree = "<group>"; };
		AB9DE3702A0C36320069B30E /* LoginViewModel.swift */ = {isa = PBXFileReference; lastKnownFileType = sourcecode.swift; path = LoginViewModel.swift; sourceTree = "<group>"; };
		AB9DE3722A0C36440069B30E /* RegisterViewModel.swift */ = {isa = PBXFileReference; lastKnownFileType = sourcecode.swift; path = RegisterViewModel.swift; sourceTree = "<group>"; };
		AB9DE3752A0C366A0069B30E /* Builders.swift */ = {isa = PBXFileReference; lastKnownFileType = sourcecode.swift; path = Builders.swift; sourceTree = "<group>"; };
		ABA1F1D42A143027006676A1 /* CustomCellViewContracts.swift */ = {isa = PBXFileReference; lastKnownFileType = sourcecode.swift; path = CustomCellViewContracts.swift; sourceTree = "<group>"; };
		ABA1F1D62A1432E9006676A1 /* Product.swift */ = {isa = PBXFileReference; lastKnownFileType = sourcecode.swift; path = Product.swift; sourceTree = "<group>"; };
/* End PBXFileReference section */

/* Begin PBXFrameworksBuildPhase section */
		AB9DE3322A0C33310069B30E /* Frameworks */ = {
			isa = PBXFrameworksBuildPhase;
			buildActionMask = 2147483647;
			files = (
				ABB467C02A1D4E57007EB44B /* ProgressHUD in Frameworks */,
				AB87BECE2A23CFDA00BFC215 /* FirebaseAuth in Frameworks */,
			);
			runOnlyForDeploymentPostprocessing = 0;
		};
/* End PBXFrameworksBuildPhase section */

/* Begin PBXGroup section */
		AB36D0BA2A0FABFC00CE9DFC /* CustomCell */ = {
			isa = PBXGroup;
			children = (
				AB9DE36B2A0C35F30069B30E /* CustomCell.swift */,
				AB36D0BB2A0FAC1200CE9DFC /* CustomCellViewModel.swift */,
				ABA1F1D42A143027006676A1 /* CustomCellViewContracts.swift */,
			);
			path = CustomCell;
			sourceTree = "<group>";
		};
		AB87BED32A23F63800BFC215 /* Services */ = {
			isa = PBXGroup;
			children = (
				AB87BED42A23F64600BFC215 /* AuthService.swift */,
			);
			path = Services;
			sourceTree = "<group>";
		};
		AB9DE32C2A0C33310069B30E = {
			isa = PBXGroup;
			children = (
				AB9DE3372A0C33310069B30E /* Cellar */,
				AB9DE3362A0C33310069B30E /* Products */,
			);
			sourceTree = "<group>";
		};
		AB9DE3362A0C33310069B30E /* Products */ = {
			isa = PBXGroup;
			children = (
				AB9DE3352A0C33310069B30E /* Cellar.app */,
			);
			name = Products;
			sourceTree = "<group>";
		};
		AB9DE3372A0C33310069B30E /* Cellar */ = {
			isa = PBXGroup;
			children = (
				AB87BED32A23F63800BFC215 /* Services */,
				AB9DE3742A0C36580069B30E /* Builders */,
				AB9DE36D2A0C36090069B30E /* ViewModels */,
				AB9DE3672A0C35A10069B30E /* Views */,
				AB9DE3602A0C352C0069B30E /* Controllers */,
				AB9DE3572A0C33E00069B30E /* Contracts */,
				AB9DE3542A0C33C10069B30E /* Models */,
				AB9DE34F2A0C33900069B30E /* Helpers */,
				AB9DE34C2A0C33520069B30E /* Extensions */,
				AB9DE3382A0C33310069B30E /* AppDelegate.swift */,
				AB9DE33A2A0C33310069B30E /* SceneDelegate.swift */,
				AB9DE33C2A0C33310069B30E /* ViewController.swift */,
				AB9DE3412A0C33320069B30E /* Assets.xcassets */,
				AB9DE3432A0C33320069B30E /* LaunchScreen.storyboard */,
				AB87BECF2A23D38500BFC215 /* GoogleService-Info.plist */,
				AB9DE3462A0C33320069B30E /* Info.plist */,
			);
			path = Cellar;
			sourceTree = "<group>";
		};
		AB9DE34C2A0C33520069B30E /* Extensions */ = {
			isa = PBXGroup;
			children = (
				AB9DE34D2A0C33670069B30E /* UIView+ext.swift */,
				AB87BED12A23DEF900BFC215 /* UIViewController+ext.swift */,
			);
			path = Extensions;
			sourceTree = "<group>";
		};
		AB9DE34F2A0C33900069B30E /* Helpers */ = {
			isa = PBXGroup;
			children = (
				AB9DE3502A0C339B0069B30E /* Bindable.swift */,
				AB9DE3522A0C33AB0069B30E /* temps.swift */,
				AB8E2C6D2A197278005CEA97 /* Helpers.swift */,
			);
			path = Helpers;
			sourceTree = "<group>";
		};
		AB9DE3542A0C33C10069B30E /* Models */ = {
			isa = PBXGroup;
			children = (
				AB9DE3552A0C33CA0069B30E /* User.swift */,
				ABA1F1D62A1432E9006676A1 /* Product.swift */,
			);
			path = Models;
			sourceTree = "<group>";
		};
		AB9DE3572A0C33E00069B30E /* Contracts */ = {
			isa = PBXGroup;
			children = (
				AB9DE35A2A0C340E0069B30E /* LoginViewContracts.swift */,
				AB9DE35C2A0C34290069B30E /* RegisterViewContracts.swift */,
				AB9DE35E2A0C35120069B30E /* HomeViewContracts.swift */,
			);
			path = Contracts;
			sourceTree = "<group>";
		};
		AB9DE3602A0C352C0069B30E /* Controllers */ = {
			isa = PBXGroup;
			children = (
				AB9DE3612A0C35420069B30E /* HomeViewController.swift */,
				AB9DE3632A0C35640069B30E /* LoginViewController.swift */,
				AB9DE3652A0C35910069B30E /* RegisterViewController.swift */,
			);
			path = Controllers;
			sourceTree = "<group>";
		};
		AB9DE3672A0C35A10069B30E /* Views */ = {
			isa = PBXGroup;
			children = (
				AB9DE3682A0C35AB0069B30E /* Components */,
			);
			path = Views;
			sourceTree = "<group>";
		};
		AB9DE3682A0C35AB0069B30E /* Components */ = {
			isa = PBXGroup;
			children = (
				AB36D0BA2A0FABFC00CE9DFC /* CustomCell */,
				AB9DE3692A0C35CD0069B30E /* CustomTextField.swift */,
			);
			path = Components;
			sourceTree = "<group>";
		};
		AB9DE36D2A0C36090069B30E /* ViewModels */ = {
			isa = PBXGroup;
			children = (
				AB9DE36E2A0C361A0069B30E /* HomeViewModel.swift */,
				AB9DE3702A0C36320069B30E /* LoginViewModel.swift */,
				AB9DE3722A0C36440069B30E /* RegisterViewModel.swift */,
			);
			path = ViewModels;
			sourceTree = "<group>";
		};
		AB9DE3742A0C36580069B30E /* Builders */ = {
			isa = PBXGroup;
			children = (
				AB9DE3752A0C366A0069B30E /* Builders.swift */,
			);
			path = Builders;
			sourceTree = "<group>";
		};
/* End PBXGroup section */

/* Begin PBXNativeTarget section */
		AB9DE3342A0C33310069B30E /* Cellar */ = {
			isa = PBXNativeTarget;
			buildConfigurationList = AB9DE3492A0C33320069B30E /* Build configuration list for PBXNativeTarget "Cellar" */;
			buildPhases = (
				AB9DE3312A0C33310069B30E /* Sources */,
				AB9DE3322A0C33310069B30E /* Frameworks */,
				AB9DE3332A0C33310069B30E /* Resources */,
			);
			buildRules = (
			);
			dependencies = (
			);
			name = Cellar;
			packageProductDependencies = (
				ABB467BF2A1D4E57007EB44B /* ProgressHUD */,
				AB87BECD2A23CFDA00BFC215 /* FirebaseAuth */,
			);
			productName = Cellar;
			productReference = AB9DE3352A0C33310069B30E /* Cellar.app */;
			productType = "com.apple.product-type.application";
		};
/* End PBXNativeTarget section */

/* Begin PBXProject section */
		AB9DE32D2A0C33310069B30E /* Project object */ = {
			isa = PBXProject;
			attributes = {
				BuildIndependentTargetsInParallel = 1;
				LastSwiftUpdateCheck = 1430;
				LastUpgradeCheck = 1430;
				TargetAttributes = {
					AB9DE3342A0C33310069B30E = {
						CreatedOnToolsVersion = 14.3;
					};
				};
			};
			buildConfigurationList = AB9DE3302A0C33310069B30E /* Build configuration list for PBXProject "Cellar" */;
			compatibilityVersion = "Xcode 14.0";
			developmentRegion = en;
			hasScannedForEncodings = 0;
			knownRegions = (
				en,
				Base,
			);
			mainGroup = AB9DE32C2A0C33310069B30E;
			packageReferences = (
				ABB467BE2A1D4E57007EB44B /* XCRemoteSwiftPackageReference "ProgressHUD" */,
				AB87BECC2A23CFDA00BFC215 /* XCRemoteSwiftPackageReference "firebase-ios-sdk" */,
			);
			productRefGroup = AB9DE3362A0C33310069B30E /* Products */;
			projectDirPath = "";
			projectRoot = "";
			targets = (
				AB9DE3342A0C33310069B30E /* Cellar */,
			);
		};
/* End PBXProject section */

/* Begin PBXResourcesBuildPhase section */
		AB9DE3332A0C33310069B30E /* Resources */ = {
			isa = PBXResourcesBuildPhase;
			buildActionMask = 2147483647;
			files = (
				AB9DE3452A0C33320069B30E /* LaunchScreen.storyboard in Resources */,
				AB9DE3422A0C33320069B30E /* Assets.xcassets in Resources */,
				AB87BED02A23D38500BFC215 /* GoogleService-Info.plist in Resources */,
			);
			runOnlyForDeploymentPostprocessing = 0;
		};
/* End PBXResourcesBuildPhase section */

/* Begin PBXSourcesBuildPhase section */
		AB9DE3312A0C33310069B30E /* Sources */ = {
			isa = PBXSourcesBuildPhase;
			buildActionMask = 2147483647;
			files = (
				AB9DE36A2A0C35CD0069B30E /* CustomTextField.swift in Sources */,
				AB9DE3642A0C35640069B30E /* LoginViewController.swift in Sources */,
				AB9DE3512A0C339B0069B30E /* Bindable.swift in Sources */,
				AB9DE36F2A0C361A0069B30E /* HomeViewModel.swift in Sources */,
				AB8E2C6E2A197278005CEA97 /* Helpers.swift in Sources */,
				AB9DE3532A0C33AB0069B30E /* temps.swift in Sources */,
				AB87BED22A23DEF900BFC215 /* UIViewController+ext.swift in Sources */,
				AB87BED52A23F64600BFC215 /* AuthService.swift in Sources */,
				ABA1F1D72A1432E9006676A1 /* Product.swift in Sources */,
				AB9DE34E2A0C33670069B30E /* UIView+ext.swift in Sources */,
				AB9DE33D2A0C33310069B30E /* ViewController.swift in Sources */,
				AB36D0BC2A0FAC1200CE9DFC /* CustomCellViewModel.swift in Sources */,
				AB9DE3732A0C36440069B30E /* RegisterViewModel.swift in Sources */,
				AB9DE35B2A0C340E0069B30E /* LoginViewContracts.swift in Sources */,
				AB9DE36C2A0C35F30069B30E /* CustomCell.swift in Sources */,
				AB9DE35F2A0C35120069B30E /* HomeViewContracts.swift in Sources */,
				ABA1F1D52A143027006676A1 /* CustomCellViewContracts.swift in Sources */,
				AB9DE3712A0C36320069B30E /* LoginViewModel.swift in Sources */,
				AB9DE3392A0C33310069B30E /* AppDelegate.swift in Sources */,
				AB9DE3622A0C35420069B30E /* HomeViewController.swift in Sources */,
				AB9DE3762A0C366A0069B30E /* Builders.swift in Sources */,
				AB9DE33B2A0C33310069B30E /* SceneDelegate.swift in Sources */,
				AB9DE3662A0C35910069B30E /* RegisterViewController.swift in Sources */,
				AB9DE3562A0C33CA0069B30E /* User.swift in Sources */,
				AB9DE35D2A0C34290069B30E /* RegisterViewContracts.swift in Sources */,
			);
			runOnlyForDeploymentPostprocessing = 0;
		};
/* End PBXSourcesBuildPhase section */

/* Begin PBXVariantGroup section */
		AB9DE3432A0C33320069B30E /* LaunchScreen.storyboard */ = {
			isa = PBXVariantGroup;
			children = (
				AB9DE3442A0C33320069B30E /* Base */,
			);
			name = LaunchScreen.storyboard;
			sourceTree = "<group>";
		};
/* End PBXVariantGroup section */

/* Begin XCBuildConfiguration section */
		AB9DE3472A0C33320069B30E /* Debug */ = {
			isa = XCBuildConfiguration;
			buildSettings = {
				ALWAYS_SEARCH_USER_PATHS = NO;
				CLANG_ANALYZER_NONNULL = YES;
				CLANG_ANALYZER_NUMBER_OBJECT_CONVERSION = YES_AGGRESSIVE;
				CLANG_CXX_LANGUAGE_STANDARD = "gnu++20";
				CLANG_ENABLE_MODULES = YES;
				CLANG_ENABLE_OBJC_ARC = YES;
				CLANG_ENABLE_OBJC_WEAK = YES;
				CLANG_WARN_BLOCK_CAPTURE_AUTORELEASING = YES;
				CLANG_WARN_BOOL_CONVERSION = YES;
				CLANG_WARN_COMMA = YES;
				CLANG_WARN_CONSTANT_CONVERSION = YES;
				CLANG_WARN_DEPRECATED_OBJC_IMPLEMENTATIONS = YES;
				CLANG_WARN_DIRECT_OBJC_ISA_USAGE = YES_ERROR;
				CLANG_WARN_DOCUMENTATION_COMMENTS = YES;
				CLANG_WARN_EMPTY_BODY = YES;
				CLANG_WARN_ENUM_CONVERSION = YES;
				CLANG_WARN_INFINITE_RECURSION = YES;
				CLANG_WARN_INT_CONVERSION = YES;
				CLANG_WARN_NON_LITERAL_NULL_CONVERSION = YES;
				CLANG_WARN_OBJC_IMPLICIT_RETAIN_SELF = YES;
				CLANG_WARN_OBJC_LITERAL_CONVERSION = YES;
				CLANG_WARN_OBJC_ROOT_CLASS = YES_ERROR;
				CLANG_WARN_QUOTED_INCLUDE_IN_FRAMEWORK_HEADER = YES;
				CLANG_WARN_RANGE_LOOP_ANALYSIS = YES;
				CLANG_WARN_STRICT_PROTOTYPES = YES;
				CLANG_WARN_SUSPICIOUS_MOVE = YES;
				CLANG_WARN_UNGUARDED_AVAILABILITY = YES_AGGRESSIVE;
				CLANG_WARN_UNREACHABLE_CODE = YES;
				CLANG_WARN__DUPLICATE_METHOD_MATCH = YES;
				COPY_PHASE_STRIP = NO;
				DEBUG_INFORMATION_FORMAT = dwarf;
				ENABLE_STRICT_OBJC_MSGSEND = YES;
				ENABLE_TESTABILITY = YES;
				GCC_C_LANGUAGE_STANDARD = gnu11;
				GCC_DYNAMIC_NO_PIC = NO;
				GCC_NO_COMMON_BLOCKS = YES;
				GCC_OPTIMIZATION_LEVEL = 0;
				GCC_PREPROCESSOR_DEFINITIONS = (
					"DEBUG=1",
					"$(inherited)",
				);
				GCC_WARN_64_TO_32_BIT_CONVERSION = YES;
				GCC_WARN_ABOUT_RETURN_TYPE = YES_ERROR;
				GCC_WARN_UNDECLARED_SELECTOR = YES;
				GCC_WARN_UNINITIALIZED_AUTOS = YES_AGGRESSIVE;
				GCC_WARN_UNUSED_FUNCTION = YES;
				GCC_WARN_UNUSED_VARIABLE = YES;
				IPHONEOS_DEPLOYMENT_TARGET = 16.4;
				MTL_ENABLE_DEBUG_INFO = INCLUDE_SOURCE;
				MTL_FAST_MATH = YES;
				ONLY_ACTIVE_ARCH = YES;
				SDKROOT = iphoneos;
				SWIFT_ACTIVE_COMPILATION_CONDITIONS = DEBUG;
				SWIFT_OPTIMIZATION_LEVEL = "-Onone";
			};
			name = Debug;
		};
		AB9DE3482A0C33320069B30E /* Release */ = {
			isa = XCBuildConfiguration;
			buildSettings = {
				ALWAYS_SEARCH_USER_PATHS = NO;
				CLANG_ANALYZER_NONNULL = YES;
				CLANG_ANALYZER_NUMBER_OBJECT_CONVERSION = YES_AGGRESSIVE;
				CLANG_CXX_LANGUAGE_STANDARD = "gnu++20";
				CLANG_ENABLE_MODULES = YES;
				CLANG_ENABLE_OBJC_ARC = YES;
				CLANG_ENABLE_OBJC_WEAK = YES;
				CLANG_WARN_BLOCK_CAPTURE_AUTORELEASING = YES;
				CLANG_WARN_BOOL_CONVERSION = YES;
				CLANG_WARN_COMMA = YES;
				CLANG_WARN_CONSTANT_CONVERSION = YES;
				CLANG_WARN_DEPRECATED_OBJC_IMPLEMENTATIONS = YES;
				CLANG_WARN_DIRECT_OBJC_ISA_USAGE = YES_ERROR;
				CLANG_WARN_DOCUMENTATION_COMMENTS = YES;
				CLANG_WARN_EMPTY_BODY = YES;
				CLANG_WARN_ENUM_CONVERSION = YES;
				CLANG_WARN_INFINITE_RECURSION = YES;
				CLANG_WARN_INT_CONVERSION = YES;
				CLANG_WARN_NON_LITERAL_NULL_CONVERSION = YES;
				CLANG_WARN_OBJC_IMPLICIT_RETAIN_SELF = YES;
				CLANG_WARN_OBJC_LITERAL_CONVERSION = YES;
				CLANG_WARN_OBJC_ROOT_CLASS = YES_ERROR;
				CLANG_WARN_QUOTED_INCLUDE_IN_FRAMEWORK_HEADER = YES;
				CLANG_WARN_RANGE_LOOP_ANALYSIS = YES;
				CLANG_WARN_STRICT_PROTOTYPES = YES;
				CLANG_WARN_SUSPICIOUS_MOVE = YES;
				CLANG_WARN_UNGUARDED_AVAILABILITY = YES_AGGRESSIVE;
				CLANG_WARN_UNREACHABLE_CODE = YES;
				CLANG_WARN__DUPLICATE_METHOD_MATCH = YES;
				COPY_PHASE_STRIP = NO;
				DEBUG_INFORMATION_FORMAT = "dwarf-with-dsym";
				ENABLE_NS_ASSERTIONS = NO;
				ENABLE_STRICT_OBJC_MSGSEND = YES;
				GCC_C_LANGUAGE_STANDARD = gnu11;
				GCC_NO_COMMON_BLOCKS = YES;
				GCC_WARN_64_TO_32_BIT_CONVERSION = YES;
				GCC_WARN_ABOUT_RETURN_TYPE = YES_ERROR;
				GCC_WARN_UNDECLARED_SELECTOR = YES;
				GCC_WARN_UNINITIALIZED_AUTOS = YES_AGGRESSIVE;
				GCC_WARN_UNUSED_FUNCTION = YES;
				GCC_WARN_UNUSED_VARIABLE = YES;
				IPHONEOS_DEPLOYMENT_TARGET = 16.4;
				MTL_ENABLE_DEBUG_INFO = NO;
				MTL_FAST_MATH = YES;
				SDKROOT = iphoneos;
				SWIFT_COMPILATION_MODE = wholemodule;
				SWIFT_OPTIMIZATION_LEVEL = "-O";
				VALIDATE_PRODUCT = YES;
			};
			name = Release;
		};
		AB9DE34A2A0C33320069B30E /* Debug */ = {
			isa = XCBuildConfiguration;
			buildSettings = {
				ASSETCATALOG_COMPILER_APPICON_NAME = AppIcon;
				ASSETCATALOG_COMPILER_GLOBAL_ACCENT_COLOR_NAME = AccentColor;
				CODE_SIGN_STYLE = Automatic;
				CURRENT_PROJECT_VERSION = 1;
				DEVELOPMENT_TEAM = HRD7AXL786;
				GENERATE_INFOPLIST_FILE = YES;
				INFOPLIST_FILE = Cellar/Info.plist;
				INFOPLIST_KEY_UIApplicationSupportsIndirectInputEvents = YES;
				INFOPLIST_KEY_UILaunchStoryboardName = LaunchScreen;
				INFOPLIST_KEY_UISupportedInterfaceOrientations_iPad = "UIInterfaceOrientationPortrait UIInterfaceOrientationPortraitUpsideDown UIInterfaceOrientationLandscapeLeft UIInterfaceOrientationLandscapeRight";
				INFOPLIST_KEY_UISupportedInterfaceOrientations_iPhone = "UIInterfaceOrientationPortrait UIInterfaceOrientationLandscapeLeft UIInterfaceOrientationLandscapeRight";
				LD_RUNPATH_SEARCH_PATHS = (
					"$(inherited)",
					"@executable_path/Frameworks",
				);
				MARKETING_VERSION = 1.0;
				PRODUCT_BUNDLE_IDENTIFIER = com.yucedag.Cellar;
				PRODUCT_NAME = "$(TARGET_NAME)";
				SWIFT_EMIT_LOC_STRINGS = YES;
				SWIFT_VERSION = 5.0;
				TARGETED_DEVICE_FAMILY = "1,2";
			};
			name = Debug;
		};
		AB9DE34B2A0C33320069B30E /* Release */ = {
			isa = XCBuildConfiguration;
			buildSettings = {
				ASSETCATALOG_COMPILER_APPICON_NAME = AppIcon;
				ASSETCATALOG_COMPILER_GLOBAL_ACCENT_COLOR_NAME = AccentColor;
				CODE_SIGN_STYLE = Automatic;
				CURRENT_PROJECT_VERSION = 1;
				DEVELOPMENT_TEAM = HRD7AXL786;
				GENERATE_INFOPLIST_FILE = YES;
				INFOPLIST_FILE = Cellar/Info.plist;
				INFOPLIST_KEY_UIApplicationSupportsIndirectInputEvents = YES;
				INFOPLIST_KEY_UILaunchStoryboardName = LaunchScreen;
				INFOPLIST_KEY_UISupportedInterfaceOrientations_iPad = "UIInterfaceOrientationPortrait UIInterfaceOrientationPortraitUpsideDown UIInterfaceOrientationLandscapeLeft UIInterfaceOrientationLandscapeRight";
				INFOPLIST_KEY_UISupportedInterfaceOrientations_iPhone = "UIInterfaceOrientationPortrait UIInterfaceOrientationLandscapeLeft UIInterfaceOrientationLandscapeRight";
				LD_RUNPATH_SEARCH_PATHS = (
					"$(inherited)",
					"@executable_path/Frameworks",
				);
				MARKETING_VERSION = 1.0;
				PRODUCT_BUNDLE_IDENTIFIER = com.yucedag.Cellar;
				PRODUCT_NAME = "$(TARGET_NAME)";
				SWIFT_EMIT_LOC_STRINGS = YES;
				SWIFT_VERSION = 5.0;
				TARGETED_DEVICE_FAMILY = "1,2";
			};
			name = Release;
		};
/* End XCBuildConfiguration section */

/* Begin XCConfigurationList section */
		AB9DE3302A0C33310069B30E /* Build configuration list for PBXProject "Cellar" */ = {
			isa = XCConfigurationList;
			buildConfigurations = (
				AB9DE3472A0C33320069B30E /* Debug */,
				AB9DE3482A0C33320069B30E /* Release */,
			);
			defaultConfigurationIsVisible = 0;
			defaultConfigurationName = Release;
		};
		AB9DE3492A0C33320069B30E /* Build configuration list for PBXNativeTarget "Cellar" */ = {
			isa = XCConfigurationList;
			buildConfigurations = (
				AB9DE34A2A0C33320069B30E /* Debug */,
				AB9DE34B2A0C33320069B30E /* Release */,
			);
			defaultConfigurationIsVisible = 0;
			defaultConfigurationName = Release;
		};
/* End XCConfigurationList section */

/* Begin XCRemoteSwiftPackageReference section */
		AB87BECC2A23CFDA00BFC215 /* XCRemoteSwiftPackageReference "firebase-ios-sdk" */ = {
			isa = XCRemoteSwiftPackageReference;
			repositoryURL = "https://github.com/firebase/firebase-ios-sdk";
			requirement = {
				kind = upToNextMajorVersion;
				minimumVersion = 10.0.0;
			};
		};
		ABB467BE2A1D4E57007EB44B /* XCRemoteSwiftPackageReference "ProgressHUD" */ = {
			isa = XCRemoteSwiftPackageReference;
			repositoryURL = "https://github.com/relatedcode/ProgressHUD.git";
			requirement = {
				kind = upToNextMajorVersion;
				minimumVersion = 13.0.0;
			};
		};
/* End XCRemoteSwiftPackageReference section */

/* Begin XCSwiftPackageProductDependency section */
		AB87BECD2A23CFDA00BFC215 /* FirebaseAuth */ = {
			isa = XCSwiftPackageProductDependency;
			package = AB87BECC2A23CFDA00BFC215 /* XCRemoteSwiftPackageReference "firebase-ios-sdk" */;
			productName = FirebaseAuth;
		};
		ABB467BF2A1D4E57007EB44B /* ProgressHUD */ = {
			isa = XCSwiftPackageProductDependency;
			package = ABB467BE2A1D4E57007EB44B /* XCRemoteSwiftPackageReference "ProgressHUD" */;
			productName = ProgressHUD;
		};
/* End XCSwiftPackageProductDependency section */
	};
	rootObject = AB9DE32D2A0C33310069B30E /* Project object */;
}
